
Microsoft Visual Studio Solution File, Format Version 12.00
# Visual Studio Version 16
VisualStudioVersion = 16.0.30114.105
MinimumVisualStudioVersion = 10.0.40219.1
Project("{FAE04EC0-301F-11D3-BF4B-00C04F79EFBC}") = "Domain", "Domain\Domain.csproj", "{50BE9774-522D-40D2-A475-B79D330EDE37}"
EndProject
Project("{FAE04EC0-301F-11D3-BF4B-00C04F79EFBC}") = "Services", "Services\Services.csproj", "{6E0F47CC-9B03-4395-8C19-4BB285B13E4B}"
EndProject
Project("{FAE04EC0-301F-11D3-BF4B-00C04F79EFBC}") = "Api", "Api\Api.csproj", "{A7296A35-F316-48AA-AD25-BE2F8A050A0A}"
EndProject
Global
	GlobalSection(SolutionConfigurationPlatforms) = preSolution
		Debug|Any CPU = Debug|Any CPU
		Release|Any CPU = Release|Any CPU
	EndGlobalSection
	GlobalSection(SolutionProperties) = preSolution
		HideSolutionNode = FALSE
	EndGlobalSection
	GlobalSection(ProjectConfigurationPlatforms) = postSolution
		{50BE9774-522D-40D2-A475-B79D330EDE37}.Debug|Any CPU.ActiveCfg = Debug|Any CPU
		{50BE9774-522D-40D2-A475-B79D330EDE37}.Debug|Any CPU.Build.0 = Debug|Any CPU
		{50BE9774-522D-40D2-A475-B79D330EDE37}.Release|Any CPU.ActiveCfg = Release|Any CPU
		{50BE9774-522D-40D2-A475-B79D330EDE37}.Release|Any CPU.Build.0 = Release|Any CPU
		{6E0F47CC-9B03-4395-8C19-4BB285B13E4B}.Debug|Any CPU.ActiveCfg = Debug|Any CPU
		{6E0F47CC-9B03-4395-8C19-4BB285B13E4B}.Debug|Any CPU.Build.0 = Debug|Any CPU
		{6E0F47CC-9B03-4395-8C19-4BB285B13E4B}.Release|Any CPU.ActiveCfg = Release|Any CPU
		{6E0F47CC-9B03-4395-8C19-4BB285B13E4B}.Release|Any CPU.Build.0 = Release|Any CPU
		{A7296A35-F316-48AA-AD25-BE2F8A050A0A}.Debug|Any CPU.ActiveCfg = Debug|Any CPU
		{A7296A35-F316-48AA-AD25-BE2F8A050A0A}.Debug|Any CPU.Build.0 = Debug|Any CPU
		{A7296A35-F316-48AA-AD25-BE2F8A050A0A}.Release|Any CPU.ActiveCfg = Release|Any CPU
		{A7296A35-F316-48AA-AD25-BE2F8A050A0A}.Release|Any CPU.Build.0 = Release|Any CPU
	EndGlobalSection
EndGlobal
